
Microsoft Visual Studio Solution File, Format Version 12.00
# Visual Studio Version 16
VisualStudioVersion = 16.0.29519.181
MinimumVisualStudioVersion = 10.0.40219.1
Project("{8BC9CEB8-8B4A-11D0-8D11-00A0C91BC942}") = "program_7", "program_7\program_7.vcxproj", "{6AD2CA16-AE8B-48F2-97FE-32F9A3560C58}"
EndProject
Global
	GlobalSection(SolutionConfigurationPlatforms) = preSolution
		Debug|x64 = Debug|x64
		Debug|x86 = Debug|x86
		Release|x64 = Release|x64
		Release|x86 = Release|x86
	EndGlobalSection
	GlobalSection(ProjectConfigurationPlatforms) = postSolution
		{6AD2CA16-AE8B-48F2-97FE-32F9A3560C58}.Debug|x64.ActiveCfg = Debug|x64
		{6AD2CA16-AE8B-48F2-97FE-32F9A3560C58}.Debug|x64.Build.0 = Debug|x64
		{6AD2CA16-AE8B-48F2-97FE-32F9A3560C58}.Debug|x86.ActiveCfg = Debug|Win32
		{6AD2CA16-AE8B-48F2-97FE-32F9A3560C58}.Debug|x86.Build.0 = Debug|Win32
		{6AD2CA16-AE8B-48F2-97FE-32F9A3560C58}.Release|x64.ActiveCfg = Release|x64
		{6AD2CA16-AE8B-48F2-97FE-32F9A3560C58}.Release|x64.Build.0 = Release|x64
		{6AD2CA16-AE8B-48F2-97FE-32F9A3560C58}.Release|x86.ActiveCfg = Release|Win32
		{6AD2CA16-AE8B-48F2-97FE-32F9A3560C58}.Release|x86.Build.0 = Release|Win32
	EndGlobalSection
	GlobalSection(SolutionProperties) = preSolution
		HideSolutionNode = FALSE
	EndGlobalSection
	GlobalSection(ExtensibilityGlobals) = postSolution
		SolutionGuid = {EABCDD98-267A-437F-9363-86A1F35DB39B}
	EndGlobalSection
EndGlobal
